// !$*UTF8*$!
{
	archiveVersion = 1;
	classes = {
	};
	objectVersion = 50;
	objects = {

/* Begin PBXBuildFile section */
		EF42DEDD2223AD940016BFAD /* AppDelegate.swift in Sources */ = {isa = PBXBuildFile; fileRef = EF42DEDC2223AD940016BFAD /* AppDelegate.swift */; };
		EF42DEDF2223AD940016BFAD /* ViewController.swift in Sources */ = {isa = PBXBuildFile; fileRef = EF42DEDE2223AD940016BFAD /* ViewController.swift */; };
		EF42DEE22223AD950016BFAD /* Main.storyboard in Resources */ = {isa = PBXBuildFile; fileRef = EF42DEE02223AD950016BFAD /* Main.storyboard */; };
		EF42DEE42223AD960016BFAD /* Assets.xcassets in Resources */ = {isa = PBXBuildFile; fileRef = EF42DEE32223AD960016BFAD /* Assets.xcassets */; };
		EF42DEE72223AD960016BFAD /* LaunchScreen.storyboard in Resources */ = {isa = PBXBuildFile; fileRef = EF42DEE52223AD960016BFAD /* LaunchScreen.storyboard */; };
		EF42DEEF2223ADBE0016BFAD /* go.png in Resources */ = {isa = PBXBuildFile; fileRef = EF42DEEE2223ADBE0016BFAD /* go.png */; };
		EF42DEF12223ADC40016BFAD /* back.png in Resources */ = {isa = PBXBuildFile; fileRef = EF42DEF02223ADC40016BFAD /* back.png */; };
		EF42DEF32223ADCB0016BFAD /* home.png in Resources */ = {isa = PBXBuildFile; fileRef = EF42DEF22223ADCB0016BFAD /* home.png */; };
		EF42DEF52223ADF70016BFAD /* DotsLoader.swift in Sources */ = {isa = PBXBuildFile; fileRef = EF42DEF42223ADF70016BFAD /* DotsLoader.swift */; };
/* End PBXBuildFile section */

/* Begin PBXFileReference section */
		EF42DED92223AD940016BFAD /* WebViewSample.app */ = {isa = PBXFileReference; explicitFileType = wrapper.application; includeInIndex = 0; path = WebViewSample.app; sourceTree = BUILT_PRODUCTS_DIR; };
		EF42DEDC2223AD940016BFAD /* AppDelegate.swift */ = {isa = PBXFileReference; lastKnownFileType = sourcecode.swift; path = AppDelegate.swift; sourceTree = "<group>"; };
		EF42DEDE2223AD940016BFAD /* ViewController.swift */ = {isa = PBXFileReference; lastKnownFileType = sourcecode.swift; path = ViewController.swift; sourceTree = "<group>"; };
		EF42DEE12223AD950016BFAD /* Base */ = {isa = PBXFileReference; lastKnownFileType = file.storyboard; name = Base; path = Base.lproj/Main.storyboard; sourceTree = "<group>"; };
		EF42DEE32223AD960016BFAD /* Assets.xcassets */ = {isa = PBXFileReference; lastKnownFileType = folder.assetcatalog; path = Assets.xcassets; sourceTree = "<group>"; };
		EF42DEE62223AD960016BFAD /* Base */ = {isa = PBXFileReference; lastKnownFileType = file.storyboard; name = Base; path = Base.lproj/LaunchScreen.storyboard; sourceTree = "<group>"; };
		EF42DEE82223AD960016BFAD /* Info.plist */ = {isa = PBXFileReference; lastKnownFileType = text.plist.xml; path = Info.plist; sourceTree = "<group>"; };
		EF42DEEE2223ADBE0016BFAD /* go.png */ = {isa = PBXFileReference; lastKnownFileType = image.png; path = go.png; sourceTree = "<group>"; };
		EF42DEF02223ADC40016BFAD /* back.png */ = {isa = PBXFileReference; lastKnownFileType = image.png; path = back.png; sourceTree = "<group>"; };
		EF42DEF22223ADCB0016BFAD /* home.png */ = {isa = PBXFileReference; lastKnownFileType = image.png; path = home.png; sourceTree = "<group>"; };
		EF42DEF42223ADF70016BFAD /* DotsLoader.swift */ = {isa = PBXFileReference; fileEncoding = 4; lastKnownFileType = sourcecode.swift; path = DotsLoader.swift; sourceTree = "<group>"; };
/* End PBXFileReference section */

/* Begin PBXFrameworksBuildPhase section */
		EF42DED62223AD940016BFAD /* Frameworks */ = {
			isa = PBXFrameworksBuildPhase;
			buildActionMask = 2147483647;
			files = (
			);
			runOnlyForDeploymentPostprocessing = 0;
		};
/* End PBXFrameworksBuildPhase section */

/* Begin PBXGroup section */
		EF42DED02223AD940016BFAD = {
			isa = PBXGroup;
			children = (
				EF42DEDB2223AD940016BFAD /* WebViewSample */,
				EF42DEDA2223AD940016BFAD /* Products */,
			);
			sourceTree = "<group>";
		};
		EF42DEDA2223AD940016BFAD /* Products */ = {
			isa = PBXGroup;
			children = (
				EF42DED92223AD940016BFAD /* WebViewSample.app */,
			);
			name = Products;
			sourceTree = "<group>";
		};
		EF42DEDB2223AD940016BFAD /* WebViewSample */ = {
			isa = PBXGroup;
			children = (
				EF42DEDC2223AD940016BFAD /* AppDelegate.swift */,
				EF42DEF42223ADF70016BFAD /* DotsLoader.swift */,
				EF42DEDE2223AD940016BFAD /* ViewController.swift */,
				EF42DEE02223AD950016BFAD /* Main.storyboard */,
				EF42DEF62223AEB20016BFAD /* Images */,
				EF42DEE32223AD960016BFAD /* Assets.xcassets */,
				EF42DEE52223AD960016BFAD /* LaunchScreen.storyboard */,
				EF42DEE82223AD960016BFAD /* Info.plist */,
			);
			path = WebViewSample;
			sourceTree = "<group>";
		};
		EF42DEF62223AEB20016BFAD /* Images */ = {
			isa = PBXGroup;
			children = (
				EF42DEEE2223ADBE0016BFAD /* go.png */,
				EF42DEF02223ADC40016BFAD /* back.png */,
				EF42DEF22223ADCB0016BFAD /* home.png */,
			);
			path = Images;
			sourceTree = "<group>";
		};
/* End PBXGroup section */

/* Begin PBXNativeTarget section */
		EF42DED82223AD940016BFAD /* WebViewSample */ = {
			isa = PBXNativeTarget;
			buildConfigurationList = EF42DEEB2223AD960016BFAD /* Build configuration list for PBXNativeTarget "WebViewSample" */;
			buildPhases = (
				EF42DED52223AD940016BFAD /* Sources */,
				EF42DED62223AD940016BFAD /* Frameworks */,
				EF42DED72223AD940016BFAD /* Resources */,
			);
			buildRules = (
			);
			dependencies = (
			);
			name = WebViewSample;
			productName = WebViewSample;
			productReference = EF42DED92223AD940016BFAD /* WebViewSample.app */;
			productType = "com.apple.product-type.application";
		};
/* End PBXNativeTarget section */

/* Begin PBXProject section */
		EF42DED12223AD940016BFAD /* Project object */ = {
			isa = PBXProject;
			attributes = {
				LastSwiftUpdateCheck = 1010;
				LastUpgradeCheck = 1010;
				ORGANIZATIONNAME = com.nagai;
				TargetAttributes = {
					EF42DED82223AD940016BFAD = {
						CreatedOnToolsVersion = 10.1;
					};
				};
			};
			buildConfigurationList = EF42DED42223AD940016BFAD /* Build configuration list for PBXProject "WebViewSample" */;
			compatibilityVersion = "Xcode 9.3";
			developmentRegion = en;
			hasScannedForEncodings = 0;
			knownRegions = (
				en,
				Base,
			);
			mainGroup = EF42DED02223AD940016BFAD;
			productRefGroup = EF42DEDA2223AD940016BFAD /* Products */;
			projectDirPath = "";
			projectRoot = "";
			targets = (
				EF42DED82223AD940016BFAD /* WebViewSample */,
			);
		};
/* End PBXProject section */

/* Begin PBXResourcesBuildPhase section */
		EF42DED72223AD940016BFAD /* Resources */ = {
			isa = PBXResourcesBuildPhase;
			buildActionMask = 2147483647;
			files = (
				EF42DEE72223AD960016BFAD /* LaunchScreen.storyboard in Resources */,
				EF42DEF12223ADC40016BFAD /* back.png in Resources */,
				EF42DEF32223ADCB0016BFAD /* home.png in Resources */,
				EF42DEE42223AD960016BFAD /* Assets.xcassets in Resources */,
				EF42DEE22223AD950016BFAD /* Main.storyboard in Resources */,
				EF42DEEF2223ADBE0016BFAD /* go.png in Resources */,
			);
			runOnlyForDeploymentPostprocessing = 0;
		};
/* End PBXResourcesBuildPhase section */

/* Begin PBXSourcesBuildPhase section */
		EF42DED52223AD940016BFAD /* Sources */ = {
			isa = PBXSourcesBuildPhase;
			buildActionMask = 2147483647;
			files = (
				EF42DEDF2223AD940016BFAD /* ViewController.swift in Sources */,
				EF42DEF52223ADF70016BFAD /* DotsLoader.swift in Sources */,
				EF42DEDD2223AD940016BFAD /* AppDelegate.swift in Sources */,
			);
			runOnlyForDeploymentPostprocessing = 0;
		};
/* End PBXSourcesBuildPhase section */

/* Begin PBXVariantGroup section */
		EF42DEE02223AD950016BFAD /* Main.storyboard */ = {
			isa = PBXVariantGroup;
			children = (
				EF42DEE12223AD950016BFAD /* Base */,
			);
			name = Main.storyboard;
			sourceTree = "<group>";
		};
		EF42DEE52223AD960016BFAD /* LaunchScreen.storyboard */ = {
			isa = PBXVariantGroup;
			children = (
				EF42DEE62223AD960016BFAD /* Base */,
			);
			name = LaunchScreen.storyboard;
			sourceTree = "<group>";
		};
/* End PBXVariantGroup section */

/* Begin XCBuildConfiguration section */
		EF42DEE92223AD960016BFAD /* Debug */ = {
			isa = XCBuildConfiguration;
			buildSettings = {
				ALWAYS_SEARCH_USER_PATHS = NO;
				CLANG_ANALYZER_NONNULL = YES;
				CLANG_ANALYZER_NUMBER_OBJECT_CONVERSION = YES_AGGRESSIVE;
				CLANG_CXX_LANGUAGE_STANDARD = "gnu++14";
				CLANG_CXX_LIBRARY = "libc++";
				CLANG_ENABLE_MODULES = YES;
				CLANG_ENABLE_OBJC_ARC = YES;
				CLANG_ENABLE_OBJC_WEAK = YES;
				CLANG_WARN_BLOCK_CAPTURE_AUTORELEASING = YES;
				CLANG_WARN_BOOL_CONVERSION = YES;
				CLANG_WARN_COMMA = YES;
				CLANG_WARN_CONSTANT_CONVERSION = YES;
				CLANG_WARN_DEPRECATED_OBJC_IMPLEMENTATIONS = YES;
				CLANG_WARN_DIRECT_OBJC_ISA_USAGE = YES_ERROR;
				CLANG_WARN_DOCUMENTATION_COMMENTS = YES;
				CLANG_WARN_EMPTY_BODY = YES;
				CLANG_WARN_ENUM_CONVERSION = YES;
				CLANG_WARN_INFINITE_RECURSION = YES;
				CLANG_WARN_INT_CONVERSION = YES;
				CLANG_WARN_NON_LITERAL_NULL_CONVERSION = YES;
				CLANG_WARN_OBJC_IMPLICIT_RETAIN_SELF = YES;
				CLANG_WARN_OBJC_LITERAL_CONVERSION = YES;
				CLANG_WARN_OBJC_ROOT_CLASS = YES_ERROR;
				CLANG_WARN_RANGE_LOOP_ANALYSIS = YES;
				CLANG_WARN_STRICT_PROTOTYPES = YES;
				CLANG_WARN_SUSPICIOUS_MOVE = YES;
				CLANG_WARN_UNGUARDED_AVAILABILITY = YES_AGGRESSIVE;
				CLANG_WARN_UNREACHABLE_CODE = YES;
				CLANG_WARN__DUPLICATE_METHOD_MATCH = YES;
				CODE_SIGN_IDENTITY = "iPhone Developer";
				COPY_PHASE_STRIP = NO;
				DEBUG_INFORMATION_FORMAT = dwarf;
				ENABLE_STRICT_OBJC_MSGSEND = YES;
				ENABLE_TESTABILITY = YES;
				GCC_C_LANGUAGE_STANDARD = gnu11;
				GCC_DYNAMIC_NO_PIC = NO;
				GCC_NO_COMMON_BLOCKS = YES;
				GCC_OPTIMIZATION_LEVEL = 0;
				GCC_PREPROCESSOR_DEFINITIONS = (
					"DEBUG=1",
					"$(inherited)",
				);
				GCC_WARN_64_TO_32_BIT_CONVERSION = YES;
				GCC_WARN_ABOUT_RETURN_TYPE = YES_ERROR;
				GCC_WARN_UNDECLARED_SELECTOR = YES;
				GCC_WARN_UNINITIALIZED_AUTOS = YES_AGGRESSIVE;
				GCC_WARN_UNUSED_FUNCTION = YES;
				GCC_WARN_UNUSED_VARIABLE = YES;
				IPHONEOS_DEPLOYMENT_TARGET = 12.1;
				MTL_ENABLE_DEBUG_INFO = INCLUDE_SOURCE;
				MTL_FAST_MATH = YES;
				ONLY_ACTIVE_ARCH = YES;
				SDKROOT = iphoneos;
				SWIFT_ACTIVE_COMPILATION_CONDITIONS = DEBUG;
				SWIFT_OPTIMIZATION_LEVEL = "-Onone";
			};
			name = Debug;
		};
		EF42DEEA2223AD960016BFAD /* Release */ = {
			isa = XCBuildConfiguration;
			buildSettings = {
				ALWAYS_SEARCH_USER_PATHS = NO;
				CLANG_ANALYZER_NONNULL = YES;
				CLANG_ANALYZER_NUMBER_OBJECT_CONVERSION = YES_AGGRESSIVE;
				CLANG_CXX_LANGUAGE_STANDARD = "gnu++14";
				CLANG_CXX_LIBRARY = "libc++";
				CLANG_ENABLE_MODULES = YES;
				CLANG_ENABLE_OBJC_ARC = YES;
				CLANG_ENABLE_OBJC_WEAK = YES;
				CLANG_WARN_BLOCK_CAPTURE_AUTORELEASING = YES;
				CLANG_WARN_BOOL_CONVERSION = YES;
				CLANG_WARN_COMMA = YES;
				CLANG_WARN_CONSTANT_CONVERSION = YES;
				CLANG_WARN_DEPRECATED_OBJC_IMPLEMENTATIONS = YES;
				CLANG_WARN_DIRECT_OBJC_ISA_USAGE = YES_ERROR;
				CLANG_WARN_DOCUMENTATION_COMMENTS = YES;
				CLANG_WARN_EMPTY_BODY = YES;
				CLANG_WARN_ENUM_CONVERSION = YES;
				CLANG_WARN_INFINITE_RECURSION = YES;
				CLANG_WARN_INT_CONVERSION = YES;
				CLANG_WARN_NON_LITERAL_NULL_CONVERSION = YES;
				CLANG_WARN_OBJC_IMPLICIT_RETAIN_SELF = YES;
				CLANG_WARN_OBJC_LITERAL_CONVERSION = YES;
				CLANG_WARN_OBJC_ROOT_CLASS = YES_ERROR;
				CLANG_WARN_RANGE_LOOP_ANALYSIS = YES;
				CLANG_WARN_STRICT_PROTOTYPES = YES;
				CLANG_WARN_SUSPICIOUS_MOVE = YES;
				CLANG_WARN_UNGUARDED_AVAILABILITY = YES_AGGRESSIVE;
				CLANG_WARN_UNREACHABLE_CODE = YES;
				CLANG_WARN__DUPLICATE_METHOD_MATCH = YES;
				CODE_SIGN_IDENTITY = "iPhone Developer";
				COPY_PHASE_STRIP = NO;
				DEBUG_INFORMATION_FORMAT = "dwarf-with-dsym";
				ENABLE_NS_ASSERTIONS = NO;
				ENABLE_STRICT_OBJC_MSGSEND = YES;
				GCC_C_LANGUAGE_STANDARD = gnu11;
				GCC_NO_COMMON_BLOCKS = YES;
				GCC_WARN_64_TO_32_BIT_CONVERSION = YES;
				GCC_WARN_ABOUT_RETURN_TYPE = YES_ERROR;
				GCC_WARN_UNDECLARED_SELECTOR = YES;
				GCC_WARN_UNINITIALIZED_AUTOS = YES_AGGRESSIVE;
				GCC_WARN_UNUSED_FUNCTION = YES;
				GCC_WARN_UNUSED_VARIABLE = YES;
				IPHONEOS_DEPLOYMENT_TARGET = 12.1;
				MTL_ENABLE_DEBUG_INFO = NO;
				MTL_FAST_MATH = YES;
				SDKROOT = iphoneos;
				SWIFT_COMPILATION_MODE = wholemodule;
				SWIFT_OPTIMIZATION_LEVEL = "-O";
				VALIDATE_PRODUCT = YES;
			};
			name = Release;
		};
		EF42DEEC2223AD960016BFAD /* Debug */ = {
			isa = XCBuildConfiguration;
			buildSettings = {
				ASSETCATALOG_COMPILER_APPICON_NAME = AppIcon;
				CODE_SIGN_STYLE = Automatic;
				DEVELOPMENT_TEAM = ZMM4WWA6BY;
				INFOPLIST_FILE = WebViewSample/Info.plist;
				LD_RUNPATH_SEARCH_PATHS = (
					"$(inherited)",
					"@executable_path/Frameworks",
				);
				PRODUCT_BUNDLE_IDENTIFIER = com.nagai.WebViewSample;
				PRODUCT_NAME = "$(TARGET_NAME)";
				SWIFT_VERSION = 4.2;
				TARGETED_DEVICE_FAMILY = "1,2";
			};
			name = Debug;
		};
		EF42DEED2223AD960016BFAD /* Release */ = {
			isa = XCBuildConfiguration;
			buildSettings = {
				ASSETCATALOG_COMPILER_APPICON_NAME = AppIcon;
				CODE_SIGN_STYLE = Automatic;
				DEVELOPMENT_TEAM = ZMM4WWA6BY;
				INFOPLIST_FILE = WebViewSample/Info.plist;
				LD_RUNPATH_SEARCH_PATHS = (
					"$(inherited)",
					"@executable_path/Frameworks",
				);
				PRODUCT_BUNDLE_IDENTIFIER = com.nagai.WebViewSample;
				PRODUCT_NAME = "$(TARGET_NAME)";
				SWIFT_VERSION = 4.2;
				TARGETED_DEVICE_FAMILY = "1,2";
			};
			name = Release;
		};
/* End XCBuildConfiguration section */

/* Begin XCConfigurationList section */
		EF42DED42223AD940016BFAD /* Build configuration list for PBXProject "WebViewSample" */ = {
			isa = XCConfigurationList;
			buildConfigurations = (
				EF42DEE92223AD960016BFAD /* Debug */,
				EF42DEEA2223AD960016BFAD /* Release */,
			);
			defaultConfigurationIsVisible = 0;
			defaultConfigurationName = Release;
		};
		EF42DEEB2223AD960016BFAD /* Build configuration list for PBXNativeTarget "WebViewSample" */ = {
			isa = XCConfigurationList;
			buildConfigurations = (
				EF42DEEC2223AD960016BFAD /* Debug */,
				EF42DEED2223AD960016BFAD /* Release */,
			);
			defaultConfigurationIsVisible = 0;
			defaultConfigurationName = Release;
		};
/* End XCConfigurationList section */
	};
	rootObject = EF42DED12223AD940016BFAD /* Project object */;
}
